[[package]]
category = "main"
description = "Python GUIs for Humans. Launched in 2018. It's 2021 & PySimpleGUI is an ACTIVE project. Super-simple to create custom GUI's. 300 Demo programs & Cookbook for rapid start. Extensive documentation. Main docs at www.PySimpleGUI.org. Your success is the focus. Examples using Machine Learning (GUI, OpenCV Integration,  Chatterbot), Rainmeter Style Desktop Widgets, Matplotlib + Pyplot, PIL support, add GUI to command line scripts, PDF & Image Viewers. Great for beginners & advanced GUI programmers"
name = "pysimplegui"
optional = false
python-versions = "*"
version = "4.38.0"

[metadata]
content-hash = "50fedc47913185f7485fad558dc3c86aedf619c236fa08ecd1a34df092a402b4"
python-versions = "^3.8"

[metadata.files]
pysimplegui = [
    {file = "PySimpleGUI-4.38.0-py3-none-any.whl", hash = "sha256:348003637178571e9e56a27f8dd2aa9d48d1dffefbbc997df1f8f30168608710"},
    {file = "PySimpleGUI-4.38.0.tar.gz", hash = "sha256:2e3f4ee99ba3fb8577d29a767ee23f76dd67ae3fefd3ba86911dfb51bd809ff2"},
]
